
Microsoft Visual Studio Solution File, Format Version 12.00
# Visual Studio Version 17
VisualStudioVersion = 17.4.33205.214
MinimumVisualStudioVersion = 10.0.40219.1
Project("{9A19103F-16F7-4668-BE54-9A1E7A4F7556}") = "01. Furniture", "01. Furniture.csproj", "{8AB91EF9-0F56-4AAB-87D4-126FA5ADE4FF}"
EndProject
Project("{FAE04EC0-301F-11D3-BF4B-00C04F79EFBC}") = "02. Race", "..\02. Race\02. Race.csproj", "{ECAE6C68-F3AD-45B9-9EBC-E2CD6FED7D4D}"
EndProject
Global
	GlobalSection(SolutionConfigurationPlatforms) = preSolution
		Debug|Any CPU = Debug|Any CPU
		Release|Any CPU = Release|Any CPU
	EndGlobalSection
	GlobalSection(ProjectConfigurationPlatforms) = postSolution
		{8AB91EF9-0F56-4AAB-87D4-126FA5ADE4FF}.Debug|Any CPU.ActiveCfg = Debug|Any CPU
		{8AB91EF9-0F56-4AAB-87D4-126FA5ADE4FF}.Debug|Any CPU.Build.0 = Debug|Any CPU
		{8AB91EF9-0F56-4AAB-87D4-126FA5ADE4FF}.Release|Any CPU.ActiveCfg = Release|Any CPU
		{8AB91EF9-0F56-4AAB-87D4-126FA5ADE4FF}.Release|Any CPU.Build.0 = Release|Any CPU
		{ECAE6C68-F3AD-45B9-9EBC-E2CD6FED7D4D}.Debug|Any CPU.ActiveCfg = Debug|Any CPU
		{ECAE6C68-F3AD-45B9-9EBC-E2CD6FED7D4D}.Debug|Any CPU.Build.0 = Debug|Any CPU
		{ECAE6C68-F3AD-45B9-9EBC-E2CD6FED7D4D}.Release|Any CPU.ActiveCfg = Release|Any CPU
		{ECAE6C68-F3AD-45B9-9EBC-E2CD6FED7D4D}.Release|Any CPU.Build.0 = Release|Any CPU
	EndGlobalSection
	GlobalSection(SolutionProperties) = preSolution
		HideSolutionNode = FALSE
	EndGlobalSection
	GlobalSection(ExtensibilityGlobals) = postSolution
		SolutionGuid = {EDCCBBFA-574C-402E-8511-B7E0ECDF9C95}
	EndGlobalSection
EndGlobal
