
Microsoft Visual Studio Solution File, Format Version 12.00
# Visual Studio Version 17
VisualStudioVersion = 17.4.33205.214
MinimumVisualStudioVersion = 10.0.40219.1
Project("{FAE04EC0-301F-11D3-BF4B-00C04F79EFBC}") = "LofForU.App", "LofForU.App.csproj", "{0CC6B3E1-953E-4DC0-907D-6B131AED619F}"
EndProject
Project("{FAE04EC0-301F-11D3-BF4B-00C04F79EFBC}") = "LogForU.Core", "..\LogForU.Core\LogForU.Core.csproj", "{901A0CB4-90E3-4D4F-916E-16E05C8DB2D9}"
EndProject
Global
	GlobalSection(SolutionConfigurationPlatforms) = preSolution
		Debug|Any CPU = Debug|Any CPU
		Release|Any CPU = Release|Any CPU
	EndGlobalSection
	GlobalSection(ProjectConfigurationPlatforms) = postSolution
		{0CC6B3E1-953E-4DC0-907D-6B131AED619F}.Debug|Any CPU.ActiveCfg = Debug|Any CPU
		{0CC6B3E1-953E-4DC0-907D-6B131AED619F}.Debug|Any CPU.Build.0 = Debug|Any CPU
		{0CC6B3E1-953E-4DC0-907D-6B131AED619F}.Release|Any CPU.ActiveCfg = Release|Any CPU
		{0CC6B3E1-953E-4DC0-907D-6B131AED619F}.Release|Any CPU.Build.0 = Release|Any CPU
		{901A0CB4-90E3-4D4F-916E-16E05C8DB2D9}.Debug|Any CPU.ActiveCfg = Debug|Any CPU
		{901A0CB4-90E3-4D4F-916E-16E05C8DB2D9}.Debug|Any CPU.Build.0 = Debug|Any CPU
		{901A0CB4-90E3-4D4F-916E-16E05C8DB2D9}.Release|Any CPU.ActiveCfg = Release|Any CPU
		{901A0CB4-90E3-4D4F-916E-16E05C8DB2D9}.Release|Any CPU.Build.0 = Release|Any CPU
	EndGlobalSection
	GlobalSection(SolutionProperties) = preSolution
		HideSolutionNode = FALSE
	EndGlobalSection
	GlobalSection(ExtensibilityGlobals) = postSolution
		SolutionGuid = {0B00C6FD-C352-40D5-831F-CBCA66436781}
	EndGlobalSection
EndGlobal
