
Microsoft Visual Studio Solution File, Format Version 12.00
# Visual Studio Version 17
VisualStudioVersion = 17.4.33205.214
MinimumVisualStudioVersion = 10.0.40219.1
Project("{FAE04EC0-301F-11D3-BF4B-00C04F79EFBC}") = "01. Count Real Numbers", "01. Count Real Numbers.csproj", "{0699979F-A000-4CFC-B8DB-D5F1E449DD9A}"
EndProject
Global
	GlobalSection(SolutionConfigurationPlatforms) = preSolution
		Debug|Any CPU = Debug|Any CPU
		Release|Any CPU = Release|Any CPU
	EndGlobalSection
	GlobalSection(ProjectConfigurationPlatforms) = postSolution
		{0699979F-A000-4CFC-B8DB-D5F1E449DD9A}.Debug|Any CPU.ActiveCfg = Debug|Any CPU
		{0699979F-A000-4CFC-B8DB-D5F1E449DD9A}.Debug|Any CPU.Build.0 = Debug|Any CPU
		{0699979F-A000-4CFC-B8DB-D5F1E449DD9A}.Release|Any CPU.ActiveCfg = Release|Any CPU
		{0699979F-A000-4CFC-B8DB-D5F1E449DD9A}.Release|Any CPU.Build.0 = Release|Any CPU
	EndGlobalSection
	GlobalSection(SolutionProperties) = preSolution
		HideSolutionNode = FALSE
	EndGlobalSection
	GlobalSection(ExtensibilityGlobals) = postSolution
		SolutionGuid = {42EC355C-AA9C-4E1E-9189-FA09E95FAEB5}
	EndGlobalSection
EndGlobal
