
Microsoft Visual Studio Solution File, Format Version 12.00
# Visual Studio Version 17
VisualStudioVersion = 17.4.33205.214
MinimumVisualStudioVersion = 10.0.40219.1
Project("{FAE04EC0-301F-11D3-BF4B-00C04F79EFBC}") = "01. Meal Plan", "01. Meal Plan.csproj", "{F2EEB6E0-5990-452B-AB05-6FD83618D145}"
EndProject
Project("{FAE04EC0-301F-11D3-BF4B-00C04F79EFBC}") = "02. Truffle Hunter", "..\02. Truffle Hunter\02. Truffle Hunter.csproj", "{3EA95B4E-8CDA-4C3F-BF01-178E5C17CA27}"
EndProject
Project("{9A19103F-16F7-4668-BE54-9A1E7A4F7556}") = "Zoo", "..\03. Zoo\Zoo.csproj", "{999C08DE-CAE8-48AA-8A90-3F79C8B6700F}"
EndProject
Global
	GlobalSection(SolutionConfigurationPlatforms) = preSolution
		Debug|Any CPU = Debug|Any CPU
		Release|Any CPU = Release|Any CPU
	EndGlobalSection
	GlobalSection(ProjectConfigurationPlatforms) = postSolution
		{F2EEB6E0-5990-452B-AB05-6FD83618D145}.Debug|Any CPU.ActiveCfg = Debug|Any CPU
		{F2EEB6E0-5990-452B-AB05-6FD83618D145}.Debug|Any CPU.Build.0 = Debug|Any CPU
		{F2EEB6E0-5990-452B-AB05-6FD83618D145}.Release|Any CPU.ActiveCfg = Release|Any CPU
		{F2EEB6E0-5990-452B-AB05-6FD83618D145}.Release|Any CPU.Build.0 = Release|Any CPU
		{3EA95B4E-8CDA-4C3F-BF01-178E5C17CA27}.Debug|Any CPU.ActiveCfg = Debug|Any CPU
		{3EA95B4E-8CDA-4C3F-BF01-178E5C17CA27}.Debug|Any CPU.Build.0 = Debug|Any CPU
		{3EA95B4E-8CDA-4C3F-BF01-178E5C17CA27}.Release|Any CPU.ActiveCfg = Release|Any CPU
		{3EA95B4E-8CDA-4C3F-BF01-178E5C17CA27}.Release|Any CPU.Build.0 = Release|Any CPU
		{999C08DE-CAE8-48AA-8A90-3F79C8B6700F}.Debug|Any CPU.ActiveCfg = Debug|Any CPU
		{999C08DE-CAE8-48AA-8A90-3F79C8B6700F}.Debug|Any CPU.Build.0 = Debug|Any CPU
		{999C08DE-CAE8-48AA-8A90-3F79C8B6700F}.Release|Any CPU.ActiveCfg = Release|Any CPU
		{999C08DE-CAE8-48AA-8A90-3F79C8B6700F}.Release|Any CPU.Build.0 = Release|Any CPU
	EndGlobalSection
	GlobalSection(SolutionProperties) = preSolution
		HideSolutionNode = FALSE
	EndGlobalSection
	GlobalSection(ExtensibilityGlobals) = postSolution
		SolutionGuid = {47EE94D0-6063-471D-85F0-18DB3FA3BCD0}
	EndGlobalSection
EndGlobal
