
Microsoft Visual Studio Solution File, Format Version 12.00
# Visual Studio Version 17
VisualStudioVersion = 17.4.33205.214
MinimumVisualStudioVersion = 10.0.40219.1
Project("{9A19103F-16F7-4668-BE54-9A1E7A4F7556}") = "01.Black Flag", "01.Black Flag.csproj", "{ADA15F73-CBF7-4936-BC9A-B9CAC1CA1E24}"
EndProject
Project("{9A19103F-16F7-4668-BE54-9A1E7A4F7556}") = "02.Treasure Hunt", "..\02.Treasure Hunt\02.Treasure Hunt.csproj", "{E384865A-C660-4F61-9407-C0C2D23465A0}"
EndProject
Project("{FAE04EC0-301F-11D3-BF4B-00C04F79EFBC}") = "03. Man O War", "..\03. Man O War\03. Man O War.csproj", "{E8752555-C8D6-4FD7-8D8C-C416D2CDA23C}"
EndProject
Global
	GlobalSection(SolutionConfigurationPlatforms) = preSolution
		Debug|Any CPU = Debug|Any CPU
		Release|Any CPU = Release|Any CPU
	EndGlobalSection
	GlobalSection(ProjectConfigurationPlatforms) = postSolution
		{ADA15F73-CBF7-4936-BC9A-B9CAC1CA1E24}.Debug|Any CPU.ActiveCfg = Debug|Any CPU
		{ADA15F73-CBF7-4936-BC9A-B9CAC1CA1E24}.Debug|Any CPU.Build.0 = Debug|Any CPU
		{ADA15F73-CBF7-4936-BC9A-B9CAC1CA1E24}.Release|Any CPU.ActiveCfg = Release|Any CPU
		{ADA15F73-CBF7-4936-BC9A-B9CAC1CA1E24}.Release|Any CPU.Build.0 = Release|Any CPU
		{E384865A-C660-4F61-9407-C0C2D23465A0}.Debug|Any CPU.ActiveCfg = Debug|Any CPU
		{E384865A-C660-4F61-9407-C0C2D23465A0}.Debug|Any CPU.Build.0 = Debug|Any CPU
		{E384865A-C660-4F61-9407-C0C2D23465A0}.Release|Any CPU.ActiveCfg = Release|Any CPU
		{E384865A-C660-4F61-9407-C0C2D23465A0}.Release|Any CPU.Build.0 = Release|Any CPU
		{E8752555-C8D6-4FD7-8D8C-C416D2CDA23C}.Debug|Any CPU.ActiveCfg = Debug|Any CPU
		{E8752555-C8D6-4FD7-8D8C-C416D2CDA23C}.Debug|Any CPU.Build.0 = Debug|Any CPU
		{E8752555-C8D6-4FD7-8D8C-C416D2CDA23C}.Release|Any CPU.ActiveCfg = Release|Any CPU
		{E8752555-C8D6-4FD7-8D8C-C416D2CDA23C}.Release|Any CPU.Build.0 = Release|Any CPU
	EndGlobalSection
	GlobalSection(SolutionProperties) = preSolution
		HideSolutionNode = FALSE
	EndGlobalSection
	GlobalSection(ExtensibilityGlobals) = postSolution
		SolutionGuid = {8886DDEF-C81E-42A5-AC7A-66BF31A8F76A}
	EndGlobalSection
EndGlobal
