
Microsoft Visual Studio Solution File, Format Version 12.00
# Visual Studio Version 17
VisualStudioVersion = 17.4.33205.214
MinimumVisualStudioVersion = 10.0.40219.1
Project("{FAE04EC0-301F-11D3-BF4B-00C04F79EFBC}") = "01. Reverse Strings", "01. Reverse Strings.csproj", "{41804F3B-DA0A-4F50-80B4-E24388F14360}"
EndProject
Project("{FAE04EC0-301F-11D3-BF4B-00C04F79EFBC}") = "02. Repeat Strings", "..\02. Repeat Strings\02. Repeat Strings.csproj", "{55753516-21EA-4E78-A220-CBAB88A8BE71}"
EndProject
Project("{FAE04EC0-301F-11D3-BF4B-00C04F79EFBC}") = "03. Substring", "..\03. Substring\03. Substring.csproj", "{442A1D00-CC3A-4085-B306-2663028EF961}"
EndProject
Project("{FAE04EC0-301F-11D3-BF4B-00C04F79EFBC}") = "04. Text Filter", "..\04. Text Filter\04. Text Filter.csproj", "{AFBDBE10-7862-4FFA-9D26-051051E0CA15}"
EndProject
Project("{FAE04EC0-301F-11D3-BF4B-00C04F79EFBC}") = "05. Digits, Letters and Other", "..\05. Digits, Letters and Other\05. Digits, Letters and Other.csproj", "{13A536D7-07D9-47DE-97B4-F8DCB88F9FDC}"
EndProject
Global
	GlobalSection(SolutionConfigurationPlatforms) = preSolution
		Debug|Any CPU = Debug|Any CPU
		Release|Any CPU = Release|Any CPU
	EndGlobalSection
	GlobalSection(ProjectConfigurationPlatforms) = postSolution
		{41804F3B-DA0A-4F50-80B4-E24388F14360}.Debug|Any CPU.ActiveCfg = Debug|Any CPU
		{41804F3B-DA0A-4F50-80B4-E24388F14360}.Debug|Any CPU.Build.0 = Debug|Any CPU
		{41804F3B-DA0A-4F50-80B4-E24388F14360}.Release|Any CPU.ActiveCfg = Release|Any CPU
		{41804F3B-DA0A-4F50-80B4-E24388F14360}.Release|Any CPU.Build.0 = Release|Any CPU
		{55753516-21EA-4E78-A220-CBAB88A8BE71}.Debug|Any CPU.ActiveCfg = Debug|Any CPU
		{55753516-21EA-4E78-A220-CBAB88A8BE71}.Debug|Any CPU.Build.0 = Debug|Any CPU
		{55753516-21EA-4E78-A220-CBAB88A8BE71}.Release|Any CPU.ActiveCfg = Release|Any CPU
		{55753516-21EA-4E78-A220-CBAB88A8BE71}.Release|Any CPU.Build.0 = Release|Any CPU
		{442A1D00-CC3A-4085-B306-2663028EF961}.Debug|Any CPU.ActiveCfg = Debug|Any CPU
		{442A1D00-CC3A-4085-B306-2663028EF961}.Debug|Any CPU.Build.0 = Debug|Any CPU
		{442A1D00-CC3A-4085-B306-2663028EF961}.Release|Any CPU.ActiveCfg = Release|Any CPU
		{442A1D00-CC3A-4085-B306-2663028EF961}.Release|Any CPU.Build.0 = Release|Any CPU
		{AFBDBE10-7862-4FFA-9D26-051051E0CA15}.Debug|Any CPU.ActiveCfg = Debug|Any CPU
		{AFBDBE10-7862-4FFA-9D26-051051E0CA15}.Debug|Any CPU.Build.0 = Debug|Any CPU
		{AFBDBE10-7862-4FFA-9D26-051051E0CA15}.Release|Any CPU.ActiveCfg = Release|Any CPU
		{AFBDBE10-7862-4FFA-9D26-051051E0CA15}.Release|Any CPU.Build.0 = Release|Any CPU
		{13A536D7-07D9-47DE-97B4-F8DCB88F9FDC}.Debug|Any CPU.ActiveCfg = Debug|Any CPU
		{13A536D7-07D9-47DE-97B4-F8DCB88F9FDC}.Debug|Any CPU.Build.0 = Debug|Any CPU
		{13A536D7-07D9-47DE-97B4-F8DCB88F9FDC}.Release|Any CPU.ActiveCfg = Release|Any CPU
		{13A536D7-07D9-47DE-97B4-F8DCB88F9FDC}.Release|Any CPU.Build.0 = Release|Any CPU
	EndGlobalSection
	GlobalSection(SolutionProperties) = preSolution
		HideSolutionNode = FALSE
	EndGlobalSection
	GlobalSection(ExtensibilityGlobals) = postSolution
		SolutionGuid = {72CEAEDE-05C7-4831-AAB2-F94D4B0DDCFF}
	EndGlobalSection
EndGlobal
