
Microsoft Visual Studio Solution File, Format Version 12.00
# Visual Studio Version 17
VisualStudioVersion = 17.4.33205.214
MinimumVisualStudioVersion = 10.0.40219.1
Project("{FAE04EC0-301F-11D3-BF4B-00C04F79EFBC}") = "01. Apocalypse Preparation", "01. Apocalypse Preparation.csproj", "{2D16428E-B80A-4B41-B5B5-EF68EDCB4D08}"
EndProject
Project("{FAE04EC0-301F-11D3-BF4B-00C04F79EFBC}") = "02. Blind Man's Buff", "..\02. Blind Man's Buff\02. Blind Man's Buff.csproj", "{B10753BC-C00D-40D3-AB9D-BB87DB5F13B5}"
EndProject
Project("{9A19103F-16F7-4668-BE54-9A1E7A4F7556}") = "SoftUniKindergarten", "..\03. SoftUni KinderGarden\SoftUniKindergarten.csproj", "{1B272C0B-8FA9-4669-BFA3-2914855C3C61}"
EndProject
Global
	GlobalSection(SolutionConfigurationPlatforms) = preSolution
		Debug|Any CPU = Debug|Any CPU
		Release|Any CPU = Release|Any CPU
	EndGlobalSection
	GlobalSection(ProjectConfigurationPlatforms) = postSolution
		{2D16428E-B80A-4B41-B5B5-EF68EDCB4D08}.Debug|Any CPU.ActiveCfg = Debug|Any CPU
		{2D16428E-B80A-4B41-B5B5-EF68EDCB4D08}.Debug|Any CPU.Build.0 = Debug|Any CPU
		{2D16428E-B80A-4B41-B5B5-EF68EDCB4D08}.Release|Any CPU.ActiveCfg = Release|Any CPU
		{2D16428E-B80A-4B41-B5B5-EF68EDCB4D08}.Release|Any CPU.Build.0 = Release|Any CPU
		{B10753BC-C00D-40D3-AB9D-BB87DB5F13B5}.Debug|Any CPU.ActiveCfg = Debug|Any CPU
		{B10753BC-C00D-40D3-AB9D-BB87DB5F13B5}.Debug|Any CPU.Build.0 = Debug|Any CPU
		{B10753BC-C00D-40D3-AB9D-BB87DB5F13B5}.Release|Any CPU.ActiveCfg = Release|Any CPU
		{B10753BC-C00D-40D3-AB9D-BB87DB5F13B5}.Release|Any CPU.Build.0 = Release|Any CPU
		{1B272C0B-8FA9-4669-BFA3-2914855C3C61}.Debug|Any CPU.ActiveCfg = Debug|Any CPU
		{1B272C0B-8FA9-4669-BFA3-2914855C3C61}.Debug|Any CPU.Build.0 = Debug|Any CPU
		{1B272C0B-8FA9-4669-BFA3-2914855C3C61}.Release|Any CPU.ActiveCfg = Release|Any CPU
		{1B272C0B-8FA9-4669-BFA3-2914855C3C61}.Release|Any CPU.Build.0 = Release|Any CPU
	EndGlobalSection
	GlobalSection(SolutionProperties) = preSolution
		HideSolutionNode = FALSE
	EndGlobalSection
	GlobalSection(ExtensibilityGlobals) = postSolution
		SolutionGuid = {A129F6FF-1622-4FCE-AFE3-B55C067DBDB0}
	EndGlobalSection
EndGlobal
