
Microsoft Visual Studio Solution File, Format Version 12.00
# Visual Studio Version 17
VisualStudioVersion = 17.4.33205.214
MinimumVisualStudioVersion = 10.0.40219.1
Project("{9A19103F-16F7-4668-BE54-9A1E7A4F7556}") = "PersonInfo", "PersonInfo.csproj", "{78134D0C-BA24-4F9E-9B1F-EEC939B55A20}"
EndProject
Project("{FAE04EC0-301F-11D3-BF4B-00C04F79EFBC}") = "Telephony", "..\Telephony\Telephony.csproj", "{CFF5C909-A0AE-4B11-A68B-FD778197AC75}"
EndProject
Project("{FAE04EC0-301F-11D3-BF4B-00C04F79EFBC}") = "BorderControl", "..\BorderControl\BorderControl.csproj", "{3D54E9F4-76DF-4886-8D8A-88FC8D021885}"
EndProject
Project("{FAE04EC0-301F-11D3-BF4B-00C04F79EFBC}") = "MilitaryElite", "..\MilitaryElite\MilitaryElite.csproj", "{5632B4CB-88DC-4F63-8F9F-DF3200F66EAF}"
EndProject
Global
	GlobalSection(SolutionConfigurationPlatforms) = preSolution
		Debug|Any CPU = Debug|Any CPU
		Release|Any CPU = Release|Any CPU
	EndGlobalSection
	GlobalSection(ProjectConfigurationPlatforms) = postSolution
		{78134D0C-BA24-4F9E-9B1F-EEC939B55A20}.Debug|Any CPU.ActiveCfg = Debug|Any CPU
		{78134D0C-BA24-4F9E-9B1F-EEC939B55A20}.Debug|Any CPU.Build.0 = Debug|Any CPU
		{78134D0C-BA24-4F9E-9B1F-EEC939B55A20}.Release|Any CPU.ActiveCfg = Release|Any CPU
		{78134D0C-BA24-4F9E-9B1F-EEC939B55A20}.Release|Any CPU.Build.0 = Release|Any CPU
		{CFF5C909-A0AE-4B11-A68B-FD778197AC75}.Debug|Any CPU.ActiveCfg = Debug|Any CPU
		{CFF5C909-A0AE-4B11-A68B-FD778197AC75}.Debug|Any CPU.Build.0 = Debug|Any CPU
		{CFF5C909-A0AE-4B11-A68B-FD778197AC75}.Release|Any CPU.ActiveCfg = Release|Any CPU
		{CFF5C909-A0AE-4B11-A68B-FD778197AC75}.Release|Any CPU.Build.0 = Release|Any CPU
		{3D54E9F4-76DF-4886-8D8A-88FC8D021885}.Debug|Any CPU.ActiveCfg = Debug|Any CPU
		{3D54E9F4-76DF-4886-8D8A-88FC8D021885}.Debug|Any CPU.Build.0 = Debug|Any CPU
		{3D54E9F4-76DF-4886-8D8A-88FC8D021885}.Release|Any CPU.ActiveCfg = Release|Any CPU
		{3D54E9F4-76DF-4886-8D8A-88FC8D021885}.Release|Any CPU.Build.0 = Release|Any CPU
		{5632B4CB-88DC-4F63-8F9F-DF3200F66EAF}.Debug|Any CPU.ActiveCfg = Debug|Any CPU
		{5632B4CB-88DC-4F63-8F9F-DF3200F66EAF}.Debug|Any CPU.Build.0 = Debug|Any CPU
		{5632B4CB-88DC-4F63-8F9F-DF3200F66EAF}.Release|Any CPU.ActiveCfg = Release|Any CPU
		{5632B4CB-88DC-4F63-8F9F-DF3200F66EAF}.Release|Any CPU.Build.0 = Release|Any CPU
	EndGlobalSection
	GlobalSection(SolutionProperties) = preSolution
		HideSolutionNode = FALSE
	EndGlobalSection
	GlobalSection(ExtensibilityGlobals) = postSolution
		SolutionGuid = {705B40B0-FB52-429F-A71D-1269CB9631D9}
	EndGlobalSection
EndGlobal
