
Microsoft Visual Studio Solution File, Format Version 12.00
# Visual Studio Version 17
VisualStudioVersion = 17.4.33205.214
MinimumVisualStudioVersion = 10.0.40219.1
Project("{9A19103F-16F7-4668-BE54-9A1E7A4F7556}") = "Vehicles", "Vehicles.csproj", "{94F2EBF3-ECFE-48A2-8C3D-2D81030C1268}"
EndProject
Project("{FAE04EC0-301F-11D3-BF4B-00C04F79EFBC}") = "Raiding", "..\Raiding\Raiding.csproj", "{36E47023-C761-4260-947C-EBAC0E566007}"
EndProject
Project("{FAE04EC0-301F-11D3-BF4B-00C04F79EFBC}") = "WildFarm", "..\WildFarm\WildFarm.csproj", "{602DF7CC-3AAD-47E6-B344-4FCD3BA5134B}"
EndProject
Global
	GlobalSection(SolutionConfigurationPlatforms) = preSolution
		Debug|Any CPU = Debug|Any CPU
		Release|Any CPU = Release|Any CPU
	EndGlobalSection
	GlobalSection(ProjectConfigurationPlatforms) = postSolution
		{94F2EBF3-ECFE-48A2-8C3D-2D81030C1268}.Debug|Any CPU.ActiveCfg = Debug|Any CPU
		{94F2EBF3-ECFE-48A2-8C3D-2D81030C1268}.Debug|Any CPU.Build.0 = Debug|Any CPU
		{94F2EBF3-ECFE-48A2-8C3D-2D81030C1268}.Release|Any CPU.ActiveCfg = Release|Any CPU
		{94F2EBF3-ECFE-48A2-8C3D-2D81030C1268}.Release|Any CPU.Build.0 = Release|Any CPU
		{36E47023-C761-4260-947C-EBAC0E566007}.Debug|Any CPU.ActiveCfg = Debug|Any CPU
		{36E47023-C761-4260-947C-EBAC0E566007}.Debug|Any CPU.Build.0 = Debug|Any CPU
		{36E47023-C761-4260-947C-EBAC0E566007}.Release|Any CPU.ActiveCfg = Release|Any CPU
		{36E47023-C761-4260-947C-EBAC0E566007}.Release|Any CPU.Build.0 = Release|Any CPU
		{602DF7CC-3AAD-47E6-B344-4FCD3BA5134B}.Debug|Any CPU.ActiveCfg = Debug|Any CPU
		{602DF7CC-3AAD-47E6-B344-4FCD3BA5134B}.Debug|Any CPU.Build.0 = Debug|Any CPU
		{602DF7CC-3AAD-47E6-B344-4FCD3BA5134B}.Release|Any CPU.ActiveCfg = Release|Any CPU
		{602DF7CC-3AAD-47E6-B344-4FCD3BA5134B}.Release|Any CPU.Build.0 = Release|Any CPU
	EndGlobalSection
	GlobalSection(SolutionProperties) = preSolution
		HideSolutionNode = FALSE
	EndGlobalSection
	GlobalSection(ExtensibilityGlobals) = postSolution
		SolutionGuid = {088F521B-FF2F-4ABE-9C53-4F972961E8F3}
	EndGlobalSection
EndGlobal
