
Microsoft Visual Studio Solution File, Format Version 12.00
# Visual Studio Version 17
VisualStudioVersion = 17.4.33205.214
MinimumVisualStudioVersion = 10.0.40219.1
Project("{FAE04EC0-301F-11D3-BF4B-00C04F79EFBC}") = "01. World Tour", "01. World Tour.csproj", "{640E7408-B6E9-4A59-8DC2-BD614853DC14}"
EndProject
Project("{FAE04EC0-301F-11D3-BF4B-00C04F79EFBC}") = "02. Destination Mapper", "..\02. Destination Mapper\02. Destination Mapper.csproj", "{CA48CD83-B0AE-47C4-B8B8-B963D4613BC9}"
EndProject
Project("{FAE04EC0-301F-11D3-BF4B-00C04F79EFBC}") = "03. Plant Discovery", "..\03. Plant Discovery\03. Plant Discovery.csproj", "{098AB5FC-9EA9-466B-BE0A-AD919D081449}"
EndProject
Global
	GlobalSection(SolutionConfigurationPlatforms) = preSolution
		Debug|Any CPU = Debug|Any CPU
		Release|Any CPU = Release|Any CPU
	EndGlobalSection
	GlobalSection(ProjectConfigurationPlatforms) = postSolution
		{640E7408-B6E9-4A59-8DC2-BD614853DC14}.Debug|Any CPU.ActiveCfg = Debug|Any CPU
		{640E7408-B6E9-4A59-8DC2-BD614853DC14}.Debug|Any CPU.Build.0 = Debug|Any CPU
		{640E7408-B6E9-4A59-8DC2-BD614853DC14}.Release|Any CPU.ActiveCfg = Release|Any CPU
		{640E7408-B6E9-4A59-8DC2-BD614853DC14}.Release|Any CPU.Build.0 = Release|Any CPU
		{CA48CD83-B0AE-47C4-B8B8-B963D4613BC9}.Debug|Any CPU.ActiveCfg = Debug|Any CPU
		{CA48CD83-B0AE-47C4-B8B8-B963D4613BC9}.Debug|Any CPU.Build.0 = Debug|Any CPU
		{CA48CD83-B0AE-47C4-B8B8-B963D4613BC9}.Release|Any CPU.ActiveCfg = Release|Any CPU
		{CA48CD83-B0AE-47C4-B8B8-B963D4613BC9}.Release|Any CPU.Build.0 = Release|Any CPU
		{098AB5FC-9EA9-466B-BE0A-AD919D081449}.Debug|Any CPU.ActiveCfg = Debug|Any CPU
		{098AB5FC-9EA9-466B-BE0A-AD919D081449}.Debug|Any CPU.Build.0 = Debug|Any CPU
		{098AB5FC-9EA9-466B-BE0A-AD919D081449}.Release|Any CPU.ActiveCfg = Release|Any CPU
		{098AB5FC-9EA9-466B-BE0A-AD919D081449}.Release|Any CPU.Build.0 = Release|Any CPU
	EndGlobalSection
	GlobalSection(SolutionProperties) = preSolution
		HideSolutionNode = FALSE
	EndGlobalSection
	GlobalSection(ExtensibilityGlobals) = postSolution
		SolutionGuid = {363BAAEF-209A-4D6A-84C2-C2190652C3AA}
	EndGlobalSection
EndGlobal
