
Microsoft Visual Studio Solution File, Format Version 12.00
# Visual Studio Version 17
VisualStudioVersion = 17.4.33205.214
MinimumVisualStudioVersion = 10.0.40219.1
Project("{FAE04EC0-301F-11D3-BF4B-00C04F79EFBC}") = "01. Password Reset", "01. Password Reset.csproj", "{4DB6B4F7-055D-4DB4-98B6-D0CA06985AB9}"
EndProject
Project("{FAE04EC0-301F-11D3-BF4B-00C04F79EFBC}") = "02. Fancy Barcodes", "..\02. Fancy Barcodes\02. Fancy Barcodes.csproj", "{407C34AC-3EA5-49C3-9FDC-C271EC202464}"
EndProject
Project("{FAE04EC0-301F-11D3-BF4B-00C04F79EFBC}") = "03. Heroes of Code and Logic VII", "..\03. Heroes of Code and Logic VII\03. Heroes of Code and Logic VII.csproj", "{F94AF38A-1B3D-4347-AB0B-53B8687AC8E6}"
EndProject
Global
	GlobalSection(SolutionConfigurationPlatforms) = preSolution
		Debug|Any CPU = Debug|Any CPU
		Release|Any CPU = Release|Any CPU
	EndGlobalSection
	GlobalSection(ProjectConfigurationPlatforms) = postSolution
		{4DB6B4F7-055D-4DB4-98B6-D0CA06985AB9}.Debug|Any CPU.ActiveCfg = Debug|Any CPU
		{4DB6B4F7-055D-4DB4-98B6-D0CA06985AB9}.Debug|Any CPU.Build.0 = Debug|Any CPU
		{4DB6B4F7-055D-4DB4-98B6-D0CA06985AB9}.Release|Any CPU.ActiveCfg = Release|Any CPU
		{4DB6B4F7-055D-4DB4-98B6-D0CA06985AB9}.Release|Any CPU.Build.0 = Release|Any CPU
		{407C34AC-3EA5-49C3-9FDC-C271EC202464}.Debug|Any CPU.ActiveCfg = Debug|Any CPU
		{407C34AC-3EA5-49C3-9FDC-C271EC202464}.Debug|Any CPU.Build.0 = Debug|Any CPU
		{407C34AC-3EA5-49C3-9FDC-C271EC202464}.Release|Any CPU.ActiveCfg = Release|Any CPU
		{407C34AC-3EA5-49C3-9FDC-C271EC202464}.Release|Any CPU.Build.0 = Release|Any CPU
		{F94AF38A-1B3D-4347-AB0B-53B8687AC8E6}.Debug|Any CPU.ActiveCfg = Debug|Any CPU
		{F94AF38A-1B3D-4347-AB0B-53B8687AC8E6}.Debug|Any CPU.Build.0 = Debug|Any CPU
		{F94AF38A-1B3D-4347-AB0B-53B8687AC8E6}.Release|Any CPU.ActiveCfg = Release|Any CPU
		{F94AF38A-1B3D-4347-AB0B-53B8687AC8E6}.Release|Any CPU.Build.0 = Release|Any CPU
	EndGlobalSection
	GlobalSection(SolutionProperties) = preSolution
		HideSolutionNode = FALSE
	EndGlobalSection
	GlobalSection(ExtensibilityGlobals) = postSolution
		SolutionGuid = {B65CAACA-F8A3-4397-86B9-AA7834733862}
	EndGlobalSection
EndGlobal
