
Microsoft Visual Studio Solution File, Format Version 12.00
# Visual Studio Version 17
VisualStudioVersion = 17.3.32825.248
MinimumVisualStudioVersion = 10.0.40219.1
Project("{FAE04EC0-301F-11D3-BF4B-00C04F79EFBC}") = "SoftUni", "SoftUni.csproj", "{5BAEE62E-DAAF-47AB-A5A8-202DA6A6794E}"
EndProject
Global
	GlobalSection(SolutionConfigurationPlatforms) = preSolution
		Debug|Any CPU = Debug|Any CPU
		Release|Any CPU = Release|Any CPU
	EndGlobalSection
	GlobalSection(ProjectConfigurationPlatforms) = postSolution
		{5BAEE62E-DAAF-47AB-A5A8-202DA6A6794E}.Debug|Any CPU.ActiveCfg = Debug|Any CPU
		{5BAEE62E-DAAF-47AB-A5A8-202DA6A6794E}.Debug|Any CPU.Build.0 = Debug|Any CPU
		{5BAEE62E-DAAF-47AB-A5A8-202DA6A6794E}.Release|Any CPU.ActiveCfg = Release|Any CPU
		{5BAEE62E-DAAF-47AB-A5A8-202DA6A6794E}.Release|Any CPU.Build.0 = Release|Any CPU
	EndGlobalSection
	GlobalSection(SolutionProperties) = preSolution
		HideSolutionNode = FALSE
	EndGlobalSection
	GlobalSection(ExtensibilityGlobals) = postSolution
		SolutionGuid = {0DF4EDCA-089D-417C-9CD0-F0282F311B50}
	EndGlobalSection
EndGlobal
