
Microsoft Visual Studio Solution File, Format Version 12.00
# Visual Studio Version 17
VisualStudioVersion = 17.4.33205.214
MinimumVisualStudioVersion = 10.0.40219.1
Project("{FAE04EC0-301F-11D3-BF4B-00C04F79EFBC}") = "01.Guinea Pig", "01.Guinea Pig.csproj", "{3D0AE4A6-CDB9-4D94-B195-7FD4B5A062BD}"
EndProject
Project("{FAE04EC0-301F-11D3-BF4B-00C04F79EFBC}") = "02.Shopping List", "..\02.Shopping List\02.Shopping List.csproj", "{C0E16CC0-53FE-4CA4-A2E8-8130EC9FB625}"
EndProject
Project("{FAE04EC0-301F-11D3-BF4B-00C04F79EFBC}") = "03. Heart Delivery", "..\03. Heart Delivery\03. Heart Delivery.csproj", "{FBDB96D4-ED2E-4373-A55A-E777604648D9}"
EndProject
Global
	GlobalSection(SolutionConfigurationPlatforms) = preSolution
		Debug|Any CPU = Debug|Any CPU
		Release|Any CPU = Release|Any CPU
	EndGlobalSection
	GlobalSection(ProjectConfigurationPlatforms) = postSolution
		{3D0AE4A6-CDB9-4D94-B195-7FD4B5A062BD}.Debug|Any CPU.ActiveCfg = Debug|Any CPU
		{3D0AE4A6-CDB9-4D94-B195-7FD4B5A062BD}.Debug|Any CPU.Build.0 = Debug|Any CPU
		{3D0AE4A6-CDB9-4D94-B195-7FD4B5A062BD}.Release|Any CPU.ActiveCfg = Release|Any CPU
		{3D0AE4A6-CDB9-4D94-B195-7FD4B5A062BD}.Release|Any CPU.Build.0 = Release|Any CPU
		{C0E16CC0-53FE-4CA4-A2E8-8130EC9FB625}.Debug|Any CPU.ActiveCfg = Debug|Any CPU
		{C0E16CC0-53FE-4CA4-A2E8-8130EC9FB625}.Debug|Any CPU.Build.0 = Debug|Any CPU
		{C0E16CC0-53FE-4CA4-A2E8-8130EC9FB625}.Release|Any CPU.ActiveCfg = Release|Any CPU
		{C0E16CC0-53FE-4CA4-A2E8-8130EC9FB625}.Release|Any CPU.Build.0 = Release|Any CPU
		{FBDB96D4-ED2E-4373-A55A-E777604648D9}.Debug|Any CPU.ActiveCfg = Debug|Any CPU
		{FBDB96D4-ED2E-4373-A55A-E777604648D9}.Debug|Any CPU.Build.0 = Debug|Any CPU
		{FBDB96D4-ED2E-4373-A55A-E777604648D9}.Release|Any CPU.ActiveCfg = Release|Any CPU
		{FBDB96D4-ED2E-4373-A55A-E777604648D9}.Release|Any CPU.Build.0 = Release|Any CPU
	EndGlobalSection
	GlobalSection(SolutionProperties) = preSolution
		HideSolutionNode = FALSE
	EndGlobalSection
	GlobalSection(ExtensibilityGlobals) = postSolution
		SolutionGuid = {BF40154E-769D-44C9-A93C-D7D61FAC4A90}
	EndGlobalSection
EndGlobal
