
Microsoft Visual Studio Solution File, Format Version 12.00
# Visual Studio Version 17
VisualStudioVersion = 17.4.33205.214
MinimumVisualStudioVersion = 10.0.40219.1
Project("{FAE04EC0-301F-11D3-BF4B-00C04F79EFBC}") = "01. Data Type Finder", "..\01. Data Type Finder\01. Data Type Finder.csproj", "{CC2116A5-886B-4DAF-88B0-0FA363F82A43}"
EndProject
Project("{FAE04EC0-301F-11D3-BF4B-00C04F79EFBC}") = "02. From Left to the Right", "..\02. From Left to the Right\02. From Left to the Right.csproj", "{4FB38E0A-BC6E-4376-A005-199285050873}"
EndProject
Global
	GlobalSection(SolutionConfigurationPlatforms) = preSolution
		Debug|Any CPU = Debug|Any CPU
		Release|Any CPU = Release|Any CPU
	EndGlobalSection
	GlobalSection(ProjectConfigurationPlatforms) = postSolution
		{CC2116A5-886B-4DAF-88B0-0FA363F82A43}.Debug|Any CPU.ActiveCfg = Debug|Any CPU
		{CC2116A5-886B-4DAF-88B0-0FA363F82A43}.Debug|Any CPU.Build.0 = Debug|Any CPU
		{CC2116A5-886B-4DAF-88B0-0FA363F82A43}.Release|Any CPU.ActiveCfg = Release|Any CPU
		{CC2116A5-886B-4DAF-88B0-0FA363F82A43}.Release|Any CPU.Build.0 = Release|Any CPU
		{4FB38E0A-BC6E-4376-A005-199285050873}.Debug|Any CPU.ActiveCfg = Debug|Any CPU
		{4FB38E0A-BC6E-4376-A005-199285050873}.Debug|Any CPU.Build.0 = Debug|Any CPU
		{4FB38E0A-BC6E-4376-A005-199285050873}.Release|Any CPU.ActiveCfg = Release|Any CPU
		{4FB38E0A-BC6E-4376-A005-199285050873}.Release|Any CPU.Build.0 = Release|Any CPU
	EndGlobalSection
	GlobalSection(SolutionProperties) = preSolution
		HideSolutionNode = FALSE
	EndGlobalSection
	GlobalSection(ExtensibilityGlobals) = postSolution
		SolutionGuid = {BFE08FC0-B346-4718-B383-1FBCD1E443F7}
	EndGlobalSection
EndGlobal
