
Microsoft Visual Studio Solution File, Format Version 12.00
# Visual Studio Version 17
VisualStudioVersion = 17.4.33205.214
MinimumVisualStudioVersion = 10.0.40219.1
Project("{FAE04EC0-301F-11D3-BF4B-00C04F79EFBC}") = "01.Smallest of Three Numbers", "01.Smallest of Three Numbers.csproj", "{EA7ED876-6DA1-49FA-B10E-3AA2C4ABE364}"
EndProject
Project("{FAE04EC0-301F-11D3-BF4B-00C04F79EFBC}") = "02. Vowels Count", "..\02. Vowels Count\02. Vowels Count.csproj", "{D3AE81B0-5B2F-41AA-9D8D-EB50662FA2BB}"
EndProject
Project("{FAE04EC0-301F-11D3-BF4B-00C04F79EFBC}") = "03. Characters in Range", "..\03. Characters in Range\03. Characters in Range.csproj", "{F59AE839-5904-4F36-9E90-6E7503ADFC14}"
EndProject
Global
	GlobalSection(SolutionConfigurationPlatforms) = preSolution
		Debug|Any CPU = Debug|Any CPU
		Release|Any CPU = Release|Any CPU
	EndGlobalSection
	GlobalSection(ProjectConfigurationPlatforms) = postSolution
		{EA7ED876-6DA1-49FA-B10E-3AA2C4ABE364}.Debug|Any CPU.ActiveCfg = Debug|Any CPU
		{EA7ED876-6DA1-49FA-B10E-3AA2C4ABE364}.Debug|Any CPU.Build.0 = Debug|Any CPU
		{EA7ED876-6DA1-49FA-B10E-3AA2C4ABE364}.Release|Any CPU.ActiveCfg = Release|Any CPU
		{EA7ED876-6DA1-49FA-B10E-3AA2C4ABE364}.Release|Any CPU.Build.0 = Release|Any CPU
		{D3AE81B0-5B2F-41AA-9D8D-EB50662FA2BB}.Debug|Any CPU.ActiveCfg = Debug|Any CPU
		{D3AE81B0-5B2F-41AA-9D8D-EB50662FA2BB}.Debug|Any CPU.Build.0 = Debug|Any CPU
		{D3AE81B0-5B2F-41AA-9D8D-EB50662FA2BB}.Release|Any CPU.ActiveCfg = Release|Any CPU
		{D3AE81B0-5B2F-41AA-9D8D-EB50662FA2BB}.Release|Any CPU.Build.0 = Release|Any CPU
		{F59AE839-5904-4F36-9E90-6E7503ADFC14}.Debug|Any CPU.ActiveCfg = Debug|Any CPU
		{F59AE839-5904-4F36-9E90-6E7503ADFC14}.Debug|Any CPU.Build.0 = Debug|Any CPU
		{F59AE839-5904-4F36-9E90-6E7503ADFC14}.Release|Any CPU.ActiveCfg = Release|Any CPU
		{F59AE839-5904-4F36-9E90-6E7503ADFC14}.Release|Any CPU.Build.0 = Release|Any CPU
	EndGlobalSection
	GlobalSection(SolutionProperties) = preSolution
		HideSolutionNode = FALSE
	EndGlobalSection
	GlobalSection(ExtensibilityGlobals) = postSolution
		SolutionGuid = {B09E377C-0DD2-4CDC-9861-1CCC8E97211C}
	EndGlobalSection
EndGlobal
