
Microsoft Visual Studio Solution File, Format Version 12.00
# Visual Studio Version 17
VisualStudioVersion = 17.4.33205.214
MinimumVisualStudioVersion = 10.0.40219.1
Project("{FAE04EC0-301F-11D3-BF4B-00C04F79EFBC}") = "01. Count Chars in a String", "01. Count Chars in a String.csproj", "{06753075-DDD2-4AD4-81E3-73DFDAEDE0D7}"
EndProject
Project("{FAE04EC0-301F-11D3-BF4B-00C04F79EFBC}") = "02. A Miner Task", "..\02. A Miner Task\02. A Miner Task.csproj", "{635FE7B5-6D29-4D77-AD4F-5EDF432DCBBA}"
EndProject
Project("{FAE04EC0-301F-11D3-BF4B-00C04F79EFBC}") = "03. Orders", "..\03. Orders\03. Orders.csproj", "{13CA390D-2C3D-494F-B806-5892DB241D70}"
EndProject
Global
	GlobalSection(SolutionConfigurationPlatforms) = preSolution
		Debug|Any CPU = Debug|Any CPU
		Release|Any CPU = Release|Any CPU
	EndGlobalSection
	GlobalSection(ProjectConfigurationPlatforms) = postSolution
		{06753075-DDD2-4AD4-81E3-73DFDAEDE0D7}.Debug|Any CPU.ActiveCfg = Debug|Any CPU
		{06753075-DDD2-4AD4-81E3-73DFDAEDE0D7}.Debug|Any CPU.Build.0 = Debug|Any CPU
		{06753075-DDD2-4AD4-81E3-73DFDAEDE0D7}.Release|Any CPU.ActiveCfg = Release|Any CPU
		{06753075-DDD2-4AD4-81E3-73DFDAEDE0D7}.Release|Any CPU.Build.0 = Release|Any CPU
		{635FE7B5-6D29-4D77-AD4F-5EDF432DCBBA}.Debug|Any CPU.ActiveCfg = Debug|Any CPU
		{635FE7B5-6D29-4D77-AD4F-5EDF432DCBBA}.Debug|Any CPU.Build.0 = Debug|Any CPU
		{635FE7B5-6D29-4D77-AD4F-5EDF432DCBBA}.Release|Any CPU.ActiveCfg = Release|Any CPU
		{635FE7B5-6D29-4D77-AD4F-5EDF432DCBBA}.Release|Any CPU.Build.0 = Release|Any CPU
		{13CA390D-2C3D-494F-B806-5892DB241D70}.Debug|Any CPU.ActiveCfg = Debug|Any CPU
		{13CA390D-2C3D-494F-B806-5892DB241D70}.Debug|Any CPU.Build.0 = Debug|Any CPU
		{13CA390D-2C3D-494F-B806-5892DB241D70}.Release|Any CPU.ActiveCfg = Release|Any CPU
		{13CA390D-2C3D-494F-B806-5892DB241D70}.Release|Any CPU.Build.0 = Release|Any CPU
	EndGlobalSection
	GlobalSection(SolutionProperties) = preSolution
		HideSolutionNode = FALSE
	EndGlobalSection
	GlobalSection(ExtensibilityGlobals) = postSolution
		SolutionGuid = {57BAC643-FF96-4D0E-BF34-F6B27C0E4630}
	EndGlobalSection
EndGlobal
