
Microsoft Visual Studio Solution File, Format Version 12.00
# Visual Studio Version 17
VisualStudioVersion = 17.4.33205.214
MinimumVisualStudioVersion = 10.0.40219.1
Project("{FAE04EC0-301F-11D3-BF4B-00C04F79EFBC}") = "Farm", "..\Farm\Farm.csproj", "{EAE4751F-A0AC-4EDF-847E-B82129ED8424}"
EndProject
Project("{FAE04EC0-301F-11D3-BF4B-00C04F79EFBC}") = "CustomRandomList", "..\CustomRandomList\CustomRandomList.csproj", "{02BD266C-FB80-48E1-A3D3-7BD14F0EFE73}"
EndProject
Project("{FAE04EC0-301F-11D3-BF4B-00C04F79EFBC}") = "CustomStack", "..\CustomStack\CustomStack.csproj", "{B5A17C1F-7113-4ABE-9FED-8EC88B203380}"
EndProject
Global
	GlobalSection(SolutionConfigurationPlatforms) = preSolution
		Debug|Any CPU = Debug|Any CPU
		Release|Any CPU = Release|Any CPU
	EndGlobalSection
	GlobalSection(ProjectConfigurationPlatforms) = postSolution
		{EAE4751F-A0AC-4EDF-847E-B82129ED8424}.Debug|Any CPU.ActiveCfg = Debug|Any CPU
		{EAE4751F-A0AC-4EDF-847E-B82129ED8424}.Debug|Any CPU.Build.0 = Debug|Any CPU
		{EAE4751F-A0AC-4EDF-847E-B82129ED8424}.Release|Any CPU.ActiveCfg = Release|Any CPU
		{EAE4751F-A0AC-4EDF-847E-B82129ED8424}.Release|Any CPU.Build.0 = Release|Any CPU
		{02BD266C-FB80-48E1-A3D3-7BD14F0EFE73}.Debug|Any CPU.ActiveCfg = Debug|Any CPU
		{02BD266C-FB80-48E1-A3D3-7BD14F0EFE73}.Debug|Any CPU.Build.0 = Debug|Any CPU
		{02BD266C-FB80-48E1-A3D3-7BD14F0EFE73}.Release|Any CPU.ActiveCfg = Release|Any CPU
		{02BD266C-FB80-48E1-A3D3-7BD14F0EFE73}.Release|Any CPU.Build.0 = Release|Any CPU
		{B5A17C1F-7113-4ABE-9FED-8EC88B203380}.Debug|Any CPU.ActiveCfg = Debug|Any CPU
		{B5A17C1F-7113-4ABE-9FED-8EC88B203380}.Debug|Any CPU.Build.0 = Debug|Any CPU
		{B5A17C1F-7113-4ABE-9FED-8EC88B203380}.Release|Any CPU.ActiveCfg = Release|Any CPU
		{B5A17C1F-7113-4ABE-9FED-8EC88B203380}.Release|Any CPU.Build.0 = Release|Any CPU
	EndGlobalSection
	GlobalSection(SolutionProperties) = preSolution
		HideSolutionNode = FALSE
	EndGlobalSection
	GlobalSection(ExtensibilityGlobals) = postSolution
		SolutionGuid = {BAAC1CA9-B1D2-4313-8E16-13EDC535E391}
	EndGlobalSection
EndGlobal
