
Microsoft Visual Studio Solution File, Format Version 12.00
# Visual Studio Version 17
VisualStudioVersion = 17.4.33205.214
MinimumVisualStudioVersion = 10.0.40219.1
Project("{FAE04EC0-301F-11D3-BF4B-00C04F79EFBC}") = "01.Train", "01.Train.csproj", "{58AF4A38-8ED9-4BC6-BF97-5A798C01BEE1}"
EndProject
Project("{FAE04EC0-301F-11D3-BF4B-00C04F79EFBC}") = "02. Common Elements", "..\02. Common Elements\02. Common Elements.csproj", "{8BF7BCBB-8686-401A-BEDD-8FEDA123BCA2}"
EndProject
Project("{FAE04EC0-301F-11D3-BF4B-00C04F79EFBC}") = "03. Zig-Zag Arrays", "..\03. Zig-Zag Arrays\03. Zig-Zag Arrays.csproj", "{CAA41B82-0216-473A-8AF7-A515E4467C1C}"
EndProject
Project("{FAE04EC0-301F-11D3-BF4B-00C04F79EFBC}") = "04. Array Rotation", "..\04. Array Rotation\04. Array Rotation.csproj", "{A640A107-138A-41E6-B0D0-83E8D7F09D57}"
EndProject
Project("{FAE04EC0-301F-11D3-BF4B-00C04F79EFBC}") = "05. Top Integers", "..\05. Top Integers\05. Top Integers.csproj", "{0B770873-3B0D-45B6-AC0D-52805F1AB0DA}"
EndProject
Project("{FAE04EC0-301F-11D3-BF4B-00C04F79EFBC}") = "06. Equal Sums", "..\06. Equal Sums\06. Equal Sums.csproj", "{C2114A53-0A41-49FF-A2BF-227687864050}"
EndProject
Project("{FAE04EC0-301F-11D3-BF4B-00C04F79EFBC}") = "07. Max Sequence of Equal Elements", "..\07. Max Sequence of Equal Elements\07. Max Sequence of Equal Elements.csproj", "{171D8949-B9EE-4A0B-A56F-5F7EABE7943C}"
EndProject
Project("{FAE04EC0-301F-11D3-BF4B-00C04F79EFBC}") = "08. Magic Sum", "..\08. Magic Sum\08. Magic Sum.csproj", "{0CA8F34D-64EF-4B86-9A33-B698782DE6EC}"
EndProject
Project("{FAE04EC0-301F-11D3-BF4B-00C04F79EFBC}") = "09. Kamino Factory", "..\09. Kamino Factory\09. Kamino Factory.csproj", "{F8C12420-79F0-43EA-9E7C-49D38AF6D7FC}"
EndProject
Project("{FAE04EC0-301F-11D3-BF4B-00C04F79EFBC}") = "10. LadyBugs", "..\10. LadyBugs\10. LadyBugs.csproj", "{6A8647A0-BBB9-4E7B-AC23-411528E68CB1}"
EndProject
Global
	GlobalSection(SolutionConfigurationPlatforms) = preSolution
		Debug|Any CPU = Debug|Any CPU
		Release|Any CPU = Release|Any CPU
	EndGlobalSection
	GlobalSection(ProjectConfigurationPlatforms) = postSolution
		{58AF4A38-8ED9-4BC6-BF97-5A798C01BEE1}.Debug|Any CPU.ActiveCfg = Debug|Any CPU
		{58AF4A38-8ED9-4BC6-BF97-5A798C01BEE1}.Debug|Any CPU.Build.0 = Debug|Any CPU
		{58AF4A38-8ED9-4BC6-BF97-5A798C01BEE1}.Release|Any CPU.ActiveCfg = Release|Any CPU
		{58AF4A38-8ED9-4BC6-BF97-5A798C01BEE1}.Release|Any CPU.Build.0 = Release|Any CPU
		{8BF7BCBB-8686-401A-BEDD-8FEDA123BCA2}.Debug|Any CPU.ActiveCfg = Debug|Any CPU
		{8BF7BCBB-8686-401A-BEDD-8FEDA123BCA2}.Debug|Any CPU.Build.0 = Debug|Any CPU
		{8BF7BCBB-8686-401A-BEDD-8FEDA123BCA2}.Release|Any CPU.ActiveCfg = Release|Any CPU
		{8BF7BCBB-8686-401A-BEDD-8FEDA123BCA2}.Release|Any CPU.Build.0 = Release|Any CPU
		{CAA41B82-0216-473A-8AF7-A515E4467C1C}.Debug|Any CPU.ActiveCfg = Debug|Any CPU
		{CAA41B82-0216-473A-8AF7-A515E4467C1C}.Debug|Any CPU.Build.0 = Debug|Any CPU
		{CAA41B82-0216-473A-8AF7-A515E4467C1C}.Release|Any CPU.ActiveCfg = Release|Any CPU
		{CAA41B82-0216-473A-8AF7-A515E4467C1C}.Release|Any CPU.Build.0 = Release|Any CPU
		{A640A107-138A-41E6-B0D0-83E8D7F09D57}.Debug|Any CPU.ActiveCfg = Debug|Any CPU
		{A640A107-138A-41E6-B0D0-83E8D7F09D57}.Debug|Any CPU.Build.0 = Debug|Any CPU
		{A640A107-138A-41E6-B0D0-83E8D7F09D57}.Release|Any CPU.ActiveCfg = Release|Any CPU
		{A640A107-138A-41E6-B0D0-83E8D7F09D57}.Release|Any CPU.Build.0 = Release|Any CPU
		{0B770873-3B0D-45B6-AC0D-52805F1AB0DA}.Debug|Any CPU.ActiveCfg = Debug|Any CPU
		{0B770873-3B0D-45B6-AC0D-52805F1AB0DA}.Debug|Any CPU.Build.0 = Debug|Any CPU
		{0B770873-3B0D-45B6-AC0D-52805F1AB0DA}.Release|Any CPU.ActiveCfg = Release|Any CPU
		{0B770873-3B0D-45B6-AC0D-52805F1AB0DA}.Release|Any CPU.Build.0 = Release|Any CPU
		{C2114A53-0A41-49FF-A2BF-227687864050}.Debug|Any CPU.ActiveCfg = Debug|Any CPU
		{C2114A53-0A41-49FF-A2BF-227687864050}.Debug|Any CPU.Build.0 = Debug|Any CPU
		{C2114A53-0A41-49FF-A2BF-227687864050}.Release|Any CPU.ActiveCfg = Release|Any CPU
		{C2114A53-0A41-49FF-A2BF-227687864050}.Release|Any CPU.Build.0 = Release|Any CPU
		{171D8949-B9EE-4A0B-A56F-5F7EABE7943C}.Debug|Any CPU.ActiveCfg = Debug|Any CPU
		{171D8949-B9EE-4A0B-A56F-5F7EABE7943C}.Debug|Any CPU.Build.0 = Debug|Any CPU
		{171D8949-B9EE-4A0B-A56F-5F7EABE7943C}.Release|Any CPU.ActiveCfg = Release|Any CPU
		{171D8949-B9EE-4A0B-A56F-5F7EABE7943C}.Release|Any CPU.Build.0 = Release|Any CPU
		{0CA8F34D-64EF-4B86-9A33-B698782DE6EC}.Debug|Any CPU.ActiveCfg = Debug|Any CPU
		{0CA8F34D-64EF-4B86-9A33-B698782DE6EC}.Debug|Any CPU.Build.0 = Debug|Any CPU
		{0CA8F34D-64EF-4B86-9A33-B698782DE6EC}.Release|Any CPU.ActiveCfg = Release|Any CPU
		{0CA8F34D-64EF-4B86-9A33-B698782DE6EC}.Release|Any CPU.Build.0 = Release|Any CPU
		{F8C12420-79F0-43EA-9E7C-49D38AF6D7FC}.Debug|Any CPU.ActiveCfg = Debug|Any CPU
		{F8C12420-79F0-43EA-9E7C-49D38AF6D7FC}.Debug|Any CPU.Build.0 = Debug|Any CPU
		{F8C12420-79F0-43EA-9E7C-49D38AF6D7FC}.Release|Any CPU.ActiveCfg = Release|Any CPU
		{F8C12420-79F0-43EA-9E7C-49D38AF6D7FC}.Release|Any CPU.Build.0 = Release|Any CPU
		{6A8647A0-BBB9-4E7B-AC23-411528E68CB1}.Debug|Any CPU.ActiveCfg = Debug|Any CPU
		{6A8647A0-BBB9-4E7B-AC23-411528E68CB1}.Debug|Any CPU.Build.0 = Debug|Any CPU
		{6A8647A0-BBB9-4E7B-AC23-411528E68CB1}.Release|Any CPU.ActiveCfg = Release|Any CPU
		{6A8647A0-BBB9-4E7B-AC23-411528E68CB1}.Release|Any CPU.Build.0 = Release|Any CPU
	EndGlobalSection
	GlobalSection(SolutionProperties) = preSolution
		HideSolutionNode = FALSE
	EndGlobalSection
	GlobalSection(ExtensibilityGlobals) = postSolution
		SolutionGuid = {A9D04577-ED4F-4CD0-82DB-5166926249EE}
	EndGlobalSection
EndGlobal
