
Microsoft Visual Studio Solution File, Format Version 12.00
# Visual Studio Version 17
VisualStudioVersion = 17.4.33205.214
MinimumVisualStudioVersion = 10.0.40219.1
Project("{FAE04EC0-301F-11D3-BF4B-00C04F79EFBC}") = "01. Sum Adjacent Equal Numbers", "01. Sum Adjacent Equal Numbers.csproj", "{5E7C183A-18FC-4F60-9B14-94D0F6CD7422}"
EndProject
Global
	GlobalSection(SolutionConfigurationPlatforms) = preSolution
		Debug|Any CPU = Debug|Any CPU
		Release|Any CPU = Release|Any CPU
	EndGlobalSection
	GlobalSection(ProjectConfigurationPlatforms) = postSolution
		{5E7C183A-18FC-4F60-9B14-94D0F6CD7422}.Debug|Any CPU.ActiveCfg = Debug|Any CPU
		{5E7C183A-18FC-4F60-9B14-94D0F6CD7422}.Debug|Any CPU.Build.0 = Debug|Any CPU
		{5E7C183A-18FC-4F60-9B14-94D0F6CD7422}.Release|Any CPU.ActiveCfg = Release|Any CPU
		{5E7C183A-18FC-4F60-9B14-94D0F6CD7422}.Release|Any CPU.Build.0 = Release|Any CPU
	EndGlobalSection
	GlobalSection(SolutionProperties) = preSolution
		HideSolutionNode = FALSE
	EndGlobalSection
	GlobalSection(ExtensibilityGlobals) = postSolution
		SolutionGuid = {0EC3E77C-84F0-446A-8A4B-72B4F92B70CC}
	EndGlobalSection
EndGlobal
