
Microsoft Visual Studio Solution File, Format Version 12.00
# Visual Studio Version 17
VisualStudioVersion = 17.4.33205.214
MinimumVisualStudioVersion = 10.0.40219.1
Project("{FAE04EC0-301F-11D3-BF4B-00C04F79EFBC}") = "01. Match Full Name", "01. Match Full Name.csproj", "{32BFD88B-B596-4D72-8E6B-FA59B1753483}"
EndProject
Project("{FAE04EC0-301F-11D3-BF4B-00C04F79EFBC}") = "02. Match Phone Number", "..\02. Match Phone Number\02. Match Phone Number.csproj", "{F3D9C356-1681-43D7-B47D-359E293F014D}"
EndProject
Project("{FAE04EC0-301F-11D3-BF4B-00C04F79EFBC}") = "03. Match Dates", "..\03. Match Dates\03. Match Dates.csproj", "{A7DC3660-3F0D-4B86-989D-3189DA068A0F}"
EndProject
Global
	GlobalSection(SolutionConfigurationPlatforms) = preSolution
		Debug|Any CPU = Debug|Any CPU
		Release|Any CPU = Release|Any CPU
	EndGlobalSection
	GlobalSection(ProjectConfigurationPlatforms) = postSolution
		{32BFD88B-B596-4D72-8E6B-FA59B1753483}.Debug|Any CPU.ActiveCfg = Debug|Any CPU
		{32BFD88B-B596-4D72-8E6B-FA59B1753483}.Debug|Any CPU.Build.0 = Debug|Any CPU
		{32BFD88B-B596-4D72-8E6B-FA59B1753483}.Release|Any CPU.ActiveCfg = Release|Any CPU
		{32BFD88B-B596-4D72-8E6B-FA59B1753483}.Release|Any CPU.Build.0 = Release|Any CPU
		{F3D9C356-1681-43D7-B47D-359E293F014D}.Debug|Any CPU.ActiveCfg = Debug|Any CPU
		{F3D9C356-1681-43D7-B47D-359E293F014D}.Debug|Any CPU.Build.0 = Debug|Any CPU
		{F3D9C356-1681-43D7-B47D-359E293F014D}.Release|Any CPU.ActiveCfg = Release|Any CPU
		{F3D9C356-1681-43D7-B47D-359E293F014D}.Release|Any CPU.Build.0 = Release|Any CPU
		{A7DC3660-3F0D-4B86-989D-3189DA068A0F}.Debug|Any CPU.ActiveCfg = Debug|Any CPU
		{A7DC3660-3F0D-4B86-989D-3189DA068A0F}.Debug|Any CPU.Build.0 = Debug|Any CPU
		{A7DC3660-3F0D-4B86-989D-3189DA068A0F}.Release|Any CPU.ActiveCfg = Release|Any CPU
		{A7DC3660-3F0D-4B86-989D-3189DA068A0F}.Release|Any CPU.Build.0 = Release|Any CPU
	EndGlobalSection
	GlobalSection(SolutionProperties) = preSolution
		HideSolutionNode = FALSE
	EndGlobalSection
	GlobalSection(ExtensibilityGlobals) = postSolution
		SolutionGuid = {FE2F9773-556E-4684-9374-7102971460AD}
	EndGlobalSection
EndGlobal
