
Microsoft Visual Studio Solution File, Format Version 12.00
# Visual Studio Version 17
VisualStudioVersion = 17.4.33205.214
MinimumVisualStudioVersion = 10.0.40219.1
Project("{FAE04EC0-301F-11D3-BF4B-00C04F79EFBC}") = "01. Day of Week", "01. Day of Week.csproj", "{76E33DA9-2907-460E-9BF7-897CA368B572}"
EndProject
Project("{FAE04EC0-301F-11D3-BF4B-00C04F79EFBC}") = "02. Print Numbers in Reverse Order", "..\02. Print Numbers in Reverse Order\02. Print Numbers in Reverse Order.csproj", "{D87BFF2C-F5B7-40DE-A246-EFA1F1B22DC1}"
EndProject
Project("{FAE04EC0-301F-11D3-BF4B-00C04F79EFBC}") = "03. Rounding Numbers", "..\03. Rounding Numbers\03. Rounding Numbers.csproj", "{14D4847E-8723-40F5-8552-18CDDB8E9B10}"
EndProject
Project("{FAE04EC0-301F-11D3-BF4B-00C04F79EFBC}") = "04. Reverse Array of Strings", "..\04. Reverse Array of Strings\04. Reverse Array of Strings.csproj", "{602E926C-2CC5-45C0-90A1-3208EF235F10}"
EndProject
Project("{FAE04EC0-301F-11D3-BF4B-00C04F79EFBC}") = "05. Sum Even Numbers", "..\05. Sum Even Numbers\05. Sum Even Numbers.csproj", "{0090A9AB-78A9-4851-B399-FAD74D6068DA}"
EndProject
Project("{FAE04EC0-301F-11D3-BF4B-00C04F79EFBC}") = "06. Even and Odd Subtraction", "..\06. Even and Odd Subtraction\06. Even and Odd Subtraction.csproj", "{5A9D63F0-8B4A-49C2-97CB-C3FB9C75BC74}"
EndProject
Project("{FAE04EC0-301F-11D3-BF4B-00C04F79EFBC}") = "Demo", "..\Demo\Demo.csproj", "{218A03B9-9D49-496B-B588-575558F8C090}"
EndProject
Project("{FAE04EC0-301F-11D3-BF4B-00C04F79EFBC}") = "07. Equal Arrays", "..\07. Equal Arrays\07. Equal Arrays.csproj", "{4973DC79-42EC-4C1E-AB2F-21CB0DAC173A}"
EndProject
Project("{FAE04EC0-301F-11D3-BF4B-00C04F79EFBC}") = "08. Condense Array to Number", "..\08. Condense Array to Number\08. Condense Array to Number.csproj", "{76106B19-16F5-47C6-BAFC-F0B561422A9F}"
EndProject
Global
	GlobalSection(SolutionConfigurationPlatforms) = preSolution
		Debug|Any CPU = Debug|Any CPU
		Release|Any CPU = Release|Any CPU
	EndGlobalSection
	GlobalSection(ProjectConfigurationPlatforms) = postSolution
		{76E33DA9-2907-460E-9BF7-897CA368B572}.Debug|Any CPU.ActiveCfg = Debug|Any CPU
		{76E33DA9-2907-460E-9BF7-897CA368B572}.Debug|Any CPU.Build.0 = Debug|Any CPU
		{76E33DA9-2907-460E-9BF7-897CA368B572}.Release|Any CPU.ActiveCfg = Release|Any CPU
		{76E33DA9-2907-460E-9BF7-897CA368B572}.Release|Any CPU.Build.0 = Release|Any CPU
		{D87BFF2C-F5B7-40DE-A246-EFA1F1B22DC1}.Debug|Any CPU.ActiveCfg = Debug|Any CPU
		{D87BFF2C-F5B7-40DE-A246-EFA1F1B22DC1}.Debug|Any CPU.Build.0 = Debug|Any CPU
		{D87BFF2C-F5B7-40DE-A246-EFA1F1B22DC1}.Release|Any CPU.ActiveCfg = Release|Any CPU
		{D87BFF2C-F5B7-40DE-A246-EFA1F1B22DC1}.Release|Any CPU.Build.0 = Release|Any CPU
		{14D4847E-8723-40F5-8552-18CDDB8E9B10}.Debug|Any CPU.ActiveCfg = Debug|Any CPU
		{14D4847E-8723-40F5-8552-18CDDB8E9B10}.Debug|Any CPU.Build.0 = Debug|Any CPU
		{14D4847E-8723-40F5-8552-18CDDB8E9B10}.Release|Any CPU.ActiveCfg = Release|Any CPU
		{14D4847E-8723-40F5-8552-18CDDB8E9B10}.Release|Any CPU.Build.0 = Release|Any CPU
		{602E926C-2CC5-45C0-90A1-3208EF235F10}.Debug|Any CPU.ActiveCfg = Debug|Any CPU
		{602E926C-2CC5-45C0-90A1-3208EF235F10}.Debug|Any CPU.Build.0 = Debug|Any CPU
		{602E926C-2CC5-45C0-90A1-3208EF235F10}.Release|Any CPU.ActiveCfg = Release|Any CPU
		{602E926C-2CC5-45C0-90A1-3208EF235F10}.Release|Any CPU.Build.0 = Release|Any CPU
		{0090A9AB-78A9-4851-B399-FAD74D6068DA}.Debug|Any CPU.ActiveCfg = Debug|Any CPU
		{0090A9AB-78A9-4851-B399-FAD74D6068DA}.Debug|Any CPU.Build.0 = Debug|Any CPU
		{0090A9AB-78A9-4851-B399-FAD74D6068DA}.Release|Any CPU.ActiveCfg = Release|Any CPU
		{0090A9AB-78A9-4851-B399-FAD74D6068DA}.Release|Any CPU.Build.0 = Release|Any CPU
		{5A9D63F0-8B4A-49C2-97CB-C3FB9C75BC74}.Debug|Any CPU.ActiveCfg = Debug|Any CPU
		{5A9D63F0-8B4A-49C2-97CB-C3FB9C75BC74}.Debug|Any CPU.Build.0 = Debug|Any CPU
		{5A9D63F0-8B4A-49C2-97CB-C3FB9C75BC74}.Release|Any CPU.ActiveCfg = Release|Any CPU
		{5A9D63F0-8B4A-49C2-97CB-C3FB9C75BC74}.Release|Any CPU.Build.0 = Release|Any CPU
		{218A03B9-9D49-496B-B588-575558F8C090}.Debug|Any CPU.ActiveCfg = Debug|Any CPU
		{218A03B9-9D49-496B-B588-575558F8C090}.Debug|Any CPU.Build.0 = Debug|Any CPU
		{218A03B9-9D49-496B-B588-575558F8C090}.Release|Any CPU.ActiveCfg = Release|Any CPU
		{218A03B9-9D49-496B-B588-575558F8C090}.Release|Any CPU.Build.0 = Release|Any CPU
		{4973DC79-42EC-4C1E-AB2F-21CB0DAC173A}.Debug|Any CPU.ActiveCfg = Debug|Any CPU
		{4973DC79-42EC-4C1E-AB2F-21CB0DAC173A}.Debug|Any CPU.Build.0 = Debug|Any CPU
		{4973DC79-42EC-4C1E-AB2F-21CB0DAC173A}.Release|Any CPU.ActiveCfg = Release|Any CPU
		{4973DC79-42EC-4C1E-AB2F-21CB0DAC173A}.Release|Any CPU.Build.0 = Release|Any CPU
		{76106B19-16F5-47C6-BAFC-F0B561422A9F}.Debug|Any CPU.ActiveCfg = Debug|Any CPU
		{76106B19-16F5-47C6-BAFC-F0B561422A9F}.Debug|Any CPU.Build.0 = Debug|Any CPU
		{76106B19-16F5-47C6-BAFC-F0B561422A9F}.Release|Any CPU.ActiveCfg = Release|Any CPU
		{76106B19-16F5-47C6-BAFC-F0B561422A9F}.Release|Any CPU.Build.0 = Release|Any CPU
	EndGlobalSection
	GlobalSection(SolutionProperties) = preSolution
		HideSolutionNode = FALSE
	EndGlobalSection
	GlobalSection(ExtensibilityGlobals) = postSolution
		SolutionGuid = {F83C676B-1C26-4EF8-98A2-743F3B0B629A}
	EndGlobalSection
EndGlobal
