
Microsoft Visual Studio Solution File, Format Version 12.00
# Visual Studio Version 17
VisualStudioVersion = 17.4.33205.214
MinimumVisualStudioVersion = 10.0.40219.1
Project("{FAE04EC0-301F-11D3-BF4B-00C04F79EFBC}") = "Operations", "..\Operations\Operations.csproj", "{0509BB62-530F-469C-80B0-F280F126D166}"
EndProject
Project("{FAE04EC0-301F-11D3-BF4B-00C04F79EFBC}") = "Animals", "..\Animals\Animals.csproj", "{00BF0628-4C56-49B2-87D9-B131844D8005}"
EndProject
Project("{FAE04EC0-301F-11D3-BF4B-00C04F79EFBC}") = "Shapes", "..\Shapes\Shapes.csproj", "{B523CF40-7F35-4DD3-B4E6-A0742B03D3AD}"
EndProject
Global
	GlobalSection(SolutionConfigurationPlatforms) = preSolution
		Debug|Any CPU = Debug|Any CPU
		Release|Any CPU = Release|Any CPU
	EndGlobalSection
	GlobalSection(ProjectConfigurationPlatforms) = postSolution
		{0509BB62-530F-469C-80B0-F280F126D166}.Debug|Any CPU.ActiveCfg = Debug|Any CPU
		{0509BB62-530F-469C-80B0-F280F126D166}.Debug|Any CPU.Build.0 = Debug|Any CPU
		{0509BB62-530F-469C-80B0-F280F126D166}.Release|Any CPU.ActiveCfg = Release|Any CPU
		{0509BB62-530F-469C-80B0-F280F126D166}.Release|Any CPU.Build.0 = Release|Any CPU
		{00BF0628-4C56-49B2-87D9-B131844D8005}.Debug|Any CPU.ActiveCfg = Debug|Any CPU
		{00BF0628-4C56-49B2-87D9-B131844D8005}.Debug|Any CPU.Build.0 = Debug|Any CPU
		{00BF0628-4C56-49B2-87D9-B131844D8005}.Release|Any CPU.ActiveCfg = Release|Any CPU
		{00BF0628-4C56-49B2-87D9-B131844D8005}.Release|Any CPU.Build.0 = Release|Any CPU
		{B523CF40-7F35-4DD3-B4E6-A0742B03D3AD}.Debug|Any CPU.ActiveCfg = Debug|Any CPU
		{B523CF40-7F35-4DD3-B4E6-A0742B03D3AD}.Debug|Any CPU.Build.0 = Debug|Any CPU
		{B523CF40-7F35-4DD3-B4E6-A0742B03D3AD}.Release|Any CPU.ActiveCfg = Release|Any CPU
		{B523CF40-7F35-4DD3-B4E6-A0742B03D3AD}.Release|Any CPU.Build.0 = Release|Any CPU
	EndGlobalSection
	GlobalSection(SolutionProperties) = preSolution
		HideSolutionNode = FALSE
	EndGlobalSection
	GlobalSection(ExtensibilityGlobals) = postSolution
		SolutionGuid = {AA5401AE-7140-414C-B42D-7CA07C257054}
	EndGlobalSection
EndGlobal
