
Microsoft Visual Studio Solution File, Format Version 12.00
# Visual Studio Version 17
VisualStudioVersion = 17.4.33205.214
MinimumVisualStudioVersion = 10.0.40219.1
Project("{FAE04EC0-301F-11D3-BF4B-00C04F79EFBC}") = "01. Ranking", "01. Ranking.csproj", "{AE564428-D0E2-4877-A4AA-42C718FDE95A}"
EndProject
Project("{FAE04EC0-301F-11D3-BF4B-00C04F79EFBC}") = "demo", "..\demo\demo.csproj", "{733F3A8D-2FB0-4CCD-A79C-8F853B46AE47}"
EndProject
Project("{FAE04EC0-301F-11D3-BF4B-00C04F79EFBC}") = "02. Judge", "..\02. Judge\02. Judge.csproj", "{28388B62-0A4D-4B66-88BD-3F874FD412D7}"
EndProject
Global
	GlobalSection(SolutionConfigurationPlatforms) = preSolution
		Debug|Any CPU = Debug|Any CPU
		Release|Any CPU = Release|Any CPU
	EndGlobalSection
	GlobalSection(ProjectConfigurationPlatforms) = postSolution
		{AE564428-D0E2-4877-A4AA-42C718FDE95A}.Debug|Any CPU.ActiveCfg = Debug|Any CPU
		{AE564428-D0E2-4877-A4AA-42C718FDE95A}.Debug|Any CPU.Build.0 = Debug|Any CPU
		{AE564428-D0E2-4877-A4AA-42C718FDE95A}.Release|Any CPU.ActiveCfg = Release|Any CPU
		{AE564428-D0E2-4877-A4AA-42C718FDE95A}.Release|Any CPU.Build.0 = Release|Any CPU
		{733F3A8D-2FB0-4CCD-A79C-8F853B46AE47}.Debug|Any CPU.ActiveCfg = Debug|Any CPU
		{733F3A8D-2FB0-4CCD-A79C-8F853B46AE47}.Debug|Any CPU.Build.0 = Debug|Any CPU
		{733F3A8D-2FB0-4CCD-A79C-8F853B46AE47}.Release|Any CPU.ActiveCfg = Release|Any CPU
		{733F3A8D-2FB0-4CCD-A79C-8F853B46AE47}.Release|Any CPU.Build.0 = Release|Any CPU
		{28388B62-0A4D-4B66-88BD-3F874FD412D7}.Debug|Any CPU.ActiveCfg = Debug|Any CPU
		{28388B62-0A4D-4B66-88BD-3F874FD412D7}.Debug|Any CPU.Build.0 = Debug|Any CPU
		{28388B62-0A4D-4B66-88BD-3F874FD412D7}.Release|Any CPU.ActiveCfg = Release|Any CPU
		{28388B62-0A4D-4B66-88BD-3F874FD412D7}.Release|Any CPU.Build.0 = Release|Any CPU
	EndGlobalSection
	GlobalSection(SolutionProperties) = preSolution
		HideSolutionNode = FALSE
	EndGlobalSection
	GlobalSection(ExtensibilityGlobals) = postSolution
		SolutionGuid = {33C25FFF-A68A-4599-A093-C51615097A9F}
	EndGlobalSection
EndGlobal
