
Microsoft Visual Studio Solution File, Format Version 12.00
# Visual Studio Version 17
VisualStudioVersion = 17.4.33205.214
MinimumVisualStudioVersion = 10.0.40219.1
Project("{FAE04EC0-301F-11D3-BF4B-00C04F79EFBC}") = "01.SquareRoot", "01.SquareRoot.csproj", "{74E87C3C-141B-486A-8DBB-A94215C9B195}"
EndProject
Project("{FAE04EC0-301F-11D3-BF4B-00C04F79EFBC}") = "02.EnterNumbers", "..\02.EnterNumbers\02.EnterNumbers.csproj", "{EA0518B2-BDFD-40FC-A15B-2A7A0EDE3EB1}"
EndProject
Project("{FAE04EC0-301F-11D3-BF4B-00C04F79EFBC}") = "03.Cards", "..\3.Cards\03.Cards.csproj", "{887A6BA2-BA70-4FCC-BE3F-91D44ED05624}"
EndProject
Project("{FAE04EC0-301F-11D3-BF4B-00C04F79EFBC}") = "04.SumOfIntegers", "..\04.SumOfIntegers\04.SumOfIntegers.csproj", "{5EEE8724-9673-4C6C-AFA4-3FBDEFD8B546}"
EndProject
Project("{FAE04EC0-301F-11D3-BF4B-00C04F79EFBC}") = "05.PlayCatch", "..\05.PlayCatch\05.PlayCatch.csproj", "{E6FF47BE-EE51-4667-B9EF-D4E4CE69B115}"
EndProject
Project("{FAE04EC0-301F-11D3-BF4B-00C04F79EFBC}") = "06.MoneyTransactions", "..\06.MoneyTransactions\06.MoneyTransactions.csproj", "{A5446704-2980-41F9-A796-AB5E77951A87}"
EndProject
Global
	GlobalSection(SolutionConfigurationPlatforms) = preSolution
		Debug|Any CPU = Debug|Any CPU
		Release|Any CPU = Release|Any CPU
	EndGlobalSection
	GlobalSection(ProjectConfigurationPlatforms) = postSolution
		{74E87C3C-141B-486A-8DBB-A94215C9B195}.Debug|Any CPU.ActiveCfg = Debug|Any CPU
		{74E87C3C-141B-486A-8DBB-A94215C9B195}.Debug|Any CPU.Build.0 = Debug|Any CPU
		{74E87C3C-141B-486A-8DBB-A94215C9B195}.Release|Any CPU.ActiveCfg = Release|Any CPU
		{74E87C3C-141B-486A-8DBB-A94215C9B195}.Release|Any CPU.Build.0 = Release|Any CPU
		{EA0518B2-BDFD-40FC-A15B-2A7A0EDE3EB1}.Debug|Any CPU.ActiveCfg = Debug|Any CPU
		{EA0518B2-BDFD-40FC-A15B-2A7A0EDE3EB1}.Debug|Any CPU.Build.0 = Debug|Any CPU
		{EA0518B2-BDFD-40FC-A15B-2A7A0EDE3EB1}.Release|Any CPU.ActiveCfg = Release|Any CPU
		{EA0518B2-BDFD-40FC-A15B-2A7A0EDE3EB1}.Release|Any CPU.Build.0 = Release|Any CPU
		{887A6BA2-BA70-4FCC-BE3F-91D44ED05624}.Debug|Any CPU.ActiveCfg = Debug|Any CPU
		{887A6BA2-BA70-4FCC-BE3F-91D44ED05624}.Debug|Any CPU.Build.0 = Debug|Any CPU
		{887A6BA2-BA70-4FCC-BE3F-91D44ED05624}.Release|Any CPU.ActiveCfg = Release|Any CPU
		{887A6BA2-BA70-4FCC-BE3F-91D44ED05624}.Release|Any CPU.Build.0 = Release|Any CPU
		{5EEE8724-9673-4C6C-AFA4-3FBDEFD8B546}.Debug|Any CPU.ActiveCfg = Debug|Any CPU
		{5EEE8724-9673-4C6C-AFA4-3FBDEFD8B546}.Debug|Any CPU.Build.0 = Debug|Any CPU
		{5EEE8724-9673-4C6C-AFA4-3FBDEFD8B546}.Release|Any CPU.ActiveCfg = Release|Any CPU
		{5EEE8724-9673-4C6C-AFA4-3FBDEFD8B546}.Release|Any CPU.Build.0 = Release|Any CPU
		{E6FF47BE-EE51-4667-B9EF-D4E4CE69B115}.Debug|Any CPU.ActiveCfg = Debug|Any CPU
		{E6FF47BE-EE51-4667-B9EF-D4E4CE69B115}.Debug|Any CPU.Build.0 = Debug|Any CPU
		{E6FF47BE-EE51-4667-B9EF-D4E4CE69B115}.Release|Any CPU.ActiveCfg = Release|Any CPU
		{E6FF47BE-EE51-4667-B9EF-D4E4CE69B115}.Release|Any CPU.Build.0 = Release|Any CPU
		{A5446704-2980-41F9-A796-AB5E77951A87}.Debug|Any CPU.ActiveCfg = Debug|Any CPU
		{A5446704-2980-41F9-A796-AB5E77951A87}.Debug|Any CPU.Build.0 = Debug|Any CPU
		{A5446704-2980-41F9-A796-AB5E77951A87}.Release|Any CPU.ActiveCfg = Release|Any CPU
		{A5446704-2980-41F9-A796-AB5E77951A87}.Release|Any CPU.Build.0 = Release|Any CPU
	EndGlobalSection
	GlobalSection(SolutionProperties) = preSolution
		HideSolutionNode = FALSE
	EndGlobalSection
	GlobalSection(ExtensibilityGlobals) = postSolution
		SolutionGuid = {2249E0FC-825B-4386-BE17-16B0D09443E5}
	EndGlobalSection
EndGlobal
