
Microsoft Visual Studio Solution File, Format Version 12.00
# Visual Studio Version 17
VisualStudioVersion = 17.4.33205.214
MinimumVisualStudioVersion = 10.0.40219.1
Project("{FAE04EC0-301F-11D3-BF4B-00C04F79EFBC}") = "01. Activation Keys", "01. Activation Keys.csproj", "{A3F060A2-ADFA-4678-B25E-E202E55E1AC3}"
EndProject
Project("{FAE04EC0-301F-11D3-BF4B-00C04F79EFBC}") = "02. Emoji Detector", "..\02. Emoji Detector\02. Emoji Detector.csproj", "{DAD573F0-50F3-4AE0-9ED8-9749848AC731}"
EndProject
Project("{FAE04EC0-301F-11D3-BF4B-00C04F79EFBC}") = "03. P!rates", "..\03. P!rates\03. P!rates.csproj", "{3DA1FC61-B007-48E2-8B91-BC4286F2B787}"
EndProject
Global
	GlobalSection(SolutionConfigurationPlatforms) = preSolution
		Debug|Any CPU = Debug|Any CPU
		Release|Any CPU = Release|Any CPU
	EndGlobalSection
	GlobalSection(ProjectConfigurationPlatforms) = postSolution
		{A3F060A2-ADFA-4678-B25E-E202E55E1AC3}.Debug|Any CPU.ActiveCfg = Debug|Any CPU
		{A3F060A2-ADFA-4678-B25E-E202E55E1AC3}.Debug|Any CPU.Build.0 = Debug|Any CPU
		{A3F060A2-ADFA-4678-B25E-E202E55E1AC3}.Release|Any CPU.ActiveCfg = Release|Any CPU
		{A3F060A2-ADFA-4678-B25E-E202E55E1AC3}.Release|Any CPU.Build.0 = Release|Any CPU
		{DAD573F0-50F3-4AE0-9ED8-9749848AC731}.Debug|Any CPU.ActiveCfg = Debug|Any CPU
		{DAD573F0-50F3-4AE0-9ED8-9749848AC731}.Debug|Any CPU.Build.0 = Debug|Any CPU
		{DAD573F0-50F3-4AE0-9ED8-9749848AC731}.Release|Any CPU.ActiveCfg = Release|Any CPU
		{DAD573F0-50F3-4AE0-9ED8-9749848AC731}.Release|Any CPU.Build.0 = Release|Any CPU
		{3DA1FC61-B007-48E2-8B91-BC4286F2B787}.Debug|Any CPU.ActiveCfg = Debug|Any CPU
		{3DA1FC61-B007-48E2-8B91-BC4286F2B787}.Debug|Any CPU.Build.0 = Debug|Any CPU
		{3DA1FC61-B007-48E2-8B91-BC4286F2B787}.Release|Any CPU.ActiveCfg = Release|Any CPU
		{3DA1FC61-B007-48E2-8B91-BC4286F2B787}.Release|Any CPU.Build.0 = Release|Any CPU
	EndGlobalSection
	GlobalSection(SolutionProperties) = preSolution
		HideSolutionNode = FALSE
	EndGlobalSection
	GlobalSection(ExtensibilityGlobals) = postSolution
		SolutionGuid = {A5151FC6-031E-44A4-8696-B0488612A615}
	EndGlobalSection
EndGlobal
